// !$*UTF8*$!
{
	archiveVersion = 1;
	classes = {
	};
	objectVersion = 46;
	objects = {

/* Begin PBXBuildFile section */
		3FBB24F51E680F4700362C5C /* main.m in Sources */ = {isa = PBXBuildFile; fileRef = 3FBB24F41E680F4700362C5C /* main.m */; };
		3FBB24F81E680F4700362C5C /* AppDelegate.m in Sources */ = {isa = PBXBuildFile; fileRef = 3FBB24F71E680F4700362C5C /* AppDelegate.m */; };
		3FBB24FB1E680F4700362C5C /* ViewController.m in Sources */ = {isa = PBXBuildFile; fileRef = 3FBB24FA1E680F4700362C5C /* ViewController.m */; };
		3FBB24FE1E680F4700362C5C /* Main.storyboard in Resources */ = {isa = PBXBuildFile; fileRef = 3FBB24FC1E680F4700362C5C /* Main.storyboard */; };
		3FBB25001E680F4700362C5C /* Assets.xcassets in Resources */ = {isa = PBXBuildFile; fileRef = 3FBB24FF1E680F4700362C5C /* Assets.xcassets */; };
		3FBB25031E680F4700362C5C /* LaunchScreen.storyboard in Resources */ = {isa = PBXBuildFile; fileRef = 3FBB25011E680F4700362C5C /* LaunchScreen.storyboard */; };
		3FBB250D1E680FBC00362C5C /* test.m in Sources */ = {isa = PBXBuildFile; fileRef = 3FBB250C1E680FBC00362C5C /* test.m */; };
/* End PBXBuildFile section */

/* Begin PBXFileReference section */
		3FBB24F01E680F4700362C5C /* testLLL.app */ = {isa = PBXFileReference; explicitFileType = wrapper.application; includeInIndex = 0; path = testLLL.app; sourceTree = BUILT_PRODUCTS_DIR; };
		3FBB24F41E680F4700362C5C /* main.m */ = {isa = PBXFileReference; lastKnownFileType = sourcecode.c.objc; path = main.m; sourceTree = "<group>"; };
		3FBB24F61E680F4700362C5C /* AppDelegate.h */ = {isa = PBXFileReference; lastKnownFileType = sourcecode.c.h; path = AppDelegate.h; sourceTree = "<group>"; };
		3FBB24F71E680F4700362C5C /* AppDelegate.m */ = {isa = PBXFileReference; lastKnownFileType = sourcecode.c.objc; path = AppDelegate.m; sourceTree = "<group>"; };
		3FBB24F91E680F4700362C5C /* ViewController.h */ = {isa = PBXFileReference; lastKnownFileType = sourcecode.c.h; path = ViewController.h; sourceTree = "<group>"; };
		3FBB24FA1E680F4700362C5C /* ViewController.m */ = {isa = PBXFileReference; lastKnownFileType = sourcecode.c.objc; path = ViewController.m; sourceTree = "<group>"; };
		3FBB24FD1E680F4700362C5C /* Base */ = {isa = PBXFileReference; lastKnownFileType = file.storyboard; name = Base; path = Base.lproj/Main.storyboard; sourceTree = "<group>"; };
		3FBB24FF1E680F4700362C5C /* Assets.xcassets */ = {isa = PBXFileReference; lastKnownFileType = folder.assetcatalog; path = Assets.xcassets; sourceTree = "<group>"; };
		3FBB25021E680F4700362C5C /* Base */ = {isa = PBXFileReference; lastKnownFileType = file.storyboard; name = Base; path = Base.lproj/LaunchScreen.storyboard; sourceTree = "<group>"; };
		3FBB25041E680F4700362C5C /* Info.plist */ = {isa = PBXFileReference; lastKnownFileType = text.plist.xml; path = Info.plist; sourceTree = "<group>"; };
		3FBB250B1E680FBC00362C5C /* test.h */ = {isa = PBXFileReference; fileEncoding = 4; lastKnownFileType = sourcecode.c.h; path = test.h; sourceTree = "<group>"; };
		3FBB250C1E680FBC00362C5C /* test.m */ = {isa = PBXFileReference; fileEncoding = 4; lastKnownFileType = sourcecode.c.objc; path = test.m; sourceTree = "<group>"; };
/* End PBXFileReference section */

/* Begin PBXFrameworksBuildPhase section */
		3FBB24ED1E680F4700362C5C /* Frameworks */ = {
			isa = PBXFrameworksBuildPhase;
			buildActionMask = 2147483647;
			files = (
			);
			runOnlyForDeploymentPostprocessing = 0;
		};
/* End PBXFrameworksBuildPhase section */

/* Begin PBXGroup section */
		3FBB24E71E680F4700362C5C = {
			isa = PBXGroup;
			children = (
				3FBB24F21E680F4700362C5C /* testLLL */,
				3FBB24F11E680F4700362C5C /* Products */,
			);
			sourceTree = "<group>";
		};
		3FBB24F11E680F4700362C5C /* Products */ = {
			isa = PBXGroup;
			children = (
				3FBB24F01E680F4700362C5C /* testLLL.app */,
			);
			name = Products;
			sourceTree = "<group>";
		};
		3FBB24F21E680F4700362C5C /* testLLL */ = {
			isa = PBXGroup;
			children = (
				3FBB250A1E680F9000362C5C /* Classes */,
				3FBB24F61E680F4700362C5C /* AppDelegate.h */,
				3FBB24F71E680F4700362C5C /* AppDelegate.m */,
				3FBB24F91E680F4700362C5C /* ViewController.h */,
				3FBB24FA1E680F4700362C5C /* ViewController.m */,
				3FBB24FC1E680F4700362C5C /* Main.storyboard */,
				3FBB24FF1E680F4700362C5C /* Assets.xcassets */,
				3FBB25011E680F4700362C5C /* LaunchScreen.storyboard */,
				3FBB25041E680F4700362C5C /* Info.plist */,
				3FBB24F31E680F4700362C5C /* Supporting Files */,
			);
			path = testLLL;
			sourceTree = "<group>";
		};
		3FBB24F31E680F4700362C5C /* Supporting Files */ = {
			isa = PBXGroup;
			children = (
				3FBB24F41E680F4700362C5C /* main.m */,
			);
			name = "Supporting Files";
			sourceTree = "<group>";
		};
		3FBB250A1E680F9000362C5C /* Classes */ = {
			isa = PBXGroup;
			children = (
				3FBB250B1E680FBC00362C5C /* test.h */,
				3FBB250C1E680FBC00362C5C /* test.m */,
			);
			path = Classes;
			sourceTree = "<group>";
		};
/* End PBXGroup section */

/* Begin PBXNativeTarget section */
		3FBB24EF1E680F4700362C5C /* testLLL */ = {
			isa = PBXNativeTarget;
			buildConfigurationList = 3FBB25071E680F4700362C5C /* Build configuration list for PBXNativeTarget "testLLL" */;
			buildPhases = (
				3FBB24EC1E680F4700362C5C /* Sources */,
				3FBB24ED1E680F4700362C5C /* Frameworks */,
				3FBB24EE1E680F4700362C5C /* Resources */,
			);
			buildRules = (
			);
			dependencies = (
			);
			name = testLLL;
			productName = testLLL;
			productReference = 3FBB24F01E680F4700362C5C /* testLLL.app */;
			productType = "com.apple.product-type.application";
		};
/* End PBXNativeTarget section */

/* Begin PBXProject section */
		3FBB24E81E680F4700362C5C /* Project object */ = {
			isa = PBXProject;
			attributes = {
				LastUpgradeCheck = 0810;
				ORGANIZATIONNAME = "青牛(北京)技术有限公司";
				TargetAttributes = {
					3FBB24EF1E680F4700362C5C = {
						CreatedOnToolsVersion = 8.1;
						DevelopmentTeam = XX29L2823M;
						ProvisioningStyle = Automatic;
					};
				};
			};
			buildConfigurationList = 3FBB24EB1E680F4700362C5C /* Build configuration list for PBXProject "testLLL" */;
			compatibilityVersion = "Xcode 3.2";
			developmentRegion = English;
			hasScannedForEncodings = 0;
			knownRegions = (
				en,
				Base,
			);
			mainGroup = 3FBB24E71E680F4700362C5C;
			productRefGroup = 3FBB24F11E680F4700362C5C /* Products */;
			projectDirPath = "";
			projectRoot = "";
			targets = (
				3FBB24EF1E680F4700362C5C /* testLLL */,
			);
		};
/* End PBXProject section */

/* Begin PBXResourcesBuildPhase section */
		3FBB24EE1E680F4700362C5C /* Resources */ = {
			isa = PBXResourcesBuildPhase;
			buildActionMask = 2147483647;
			files = (
				3FBB25031E680F4700362C5C /* LaunchScreen.storyboard in Resources */,
				3FBB25001E680F4700362C5C /* Assets.xcassets in Resources */,
				3FBB24FE1E680F4700362C5C /* Main.storyboard in Resources */,
			);
			runOnlyForDeploymentPostprocessing = 0;
		};
/* End PBXResourcesBuildPhase section */

/* Begin PBXSourcesBuildPhase section */
		3FBB24EC1E680F4700362C5C /* Sources */ = {
			isa = PBXSourcesBuildPhase;
			buildActionMask = 2147483647;
			files = (
				3FBB24FB1E680F4700362C5C /* ViewController.m in Sources */,
				3FBB250D1E680FBC00362C5C /* test.m in Sources */,
				3FBB24F81E680F4700362C5C /* AppDelegate.m in Sources */,
				3FBB24F51E680F4700362C5C /* main.m in Sources */,
			);
			runOnlyForDeploymentPostprocessing = 0;
		};
/* End PBXSourcesBuildPhase section */

/* Begin PBXVariantGroup section */
		3FBB24FC1E680F4700362C5C /* Main.storyboard */ = {
			isa = PBXVariantGroup;
			children = (
				3FBB24FD1E680F4700362C5C /* Base */,
			);
			name = Main.storyboard;
			sourceTree = "<group>";
		};
		3FBB25011E680F4700362C5C /* LaunchScreen.storyboard */ = {
			isa = PBXVariantGroup;
			children = (
				3FBB25021E680F4700362C5C /* Base */,
			);
			name = LaunchScreen.storyboard;
			sourceTree = "<group>";
		};
/* End PBXVariantGroup section */

/* Begin XCBuildConfiguration section */
		3FBB25051E680F4700362C5C /* Debug */ = {
			isa = XCBuildConfiguration;
			buildSettings = {
				ALWAYS_SEARCH_USER_PATHS = NO;
				CLANG_ANALYZER_NONNULL = YES;
				CLANG_CXX_LANGUAGE_STANDARD = "gnu++0x";
				CLANG_CXX_LIBRARY = "libc++";
				CLANG_ENABLE_MODULES = YES;
				CLANG_ENABLE_OBJC_ARC = YES;
				CLANG_WARN_BOOL_CONVERSION = YES;
				CLANG_WARN_CONSTANT_CONVERSION = YES;
				CLANG_WARN_DIRECT_OBJC_ISA_USAGE = YES_ERROR;
				CLANG_WARN_DOCUMENTATION_COMMENTS = YES;
				CLANG_WARN_EMPTY_BODY = YES;
				CLANG_WARN_ENUM_CONVERSION = YES;
				CLANG_WARN_INFINITE_RECURSION = YES;
				CLANG_WARN_INT_CONVERSION = YES;
				CLANG_WARN_OBJC_ROOT_CLASS = YES_ERROR;
				CLANG_WARN_SUSPICIOUS_MOVES = YES;
				CLANG_WARN_UNREACHABLE_CODE = YES;
				CLANG_WARN__DUPLICATE_METHOD_MATCH = YES;
				"CODE_SIGN_IDENTITY[sdk=iphoneos*]" = "iPhone Developer";
				COPY_PHASE_STRIP = NO;
				DEBUG_INFORMATION_FORMAT = dwarf;
				ENABLE_STRICT_OBJC_MSGSEND = YES;
				ENABLE_TESTABILITY = YES;
				GCC_C_LANGUAGE_STANDARD = gnu99;
				GCC_DYNAMIC_NO_PIC = NO;
				GCC_NO_COMMON_BLOCKS = YES;
				GCC_OPTIMIZATION_LEVEL = 0;
				GCC_PREPROCESSOR_DEFINITIONS = (
					"DEBUG=1",
					"$(inherited)",
				);
				GCC_WARN_64_TO_32_BIT_CONVERSION = YES;
				GCC_WARN_ABOUT_RETURN_TYPE = YES_ERROR;
				GCC_WARN_UNDECLARED_SELECTOR = YES;
				GCC_WARN_UNINITIALIZED_AUTOS = YES_AGGRESSIVE;
				GCC_WARN_UNUSED_FUNCTION = YES;
				GCC_WARN_UNUSED_VARIABLE = YES;
				IPHONEOS_DEPLOYMENT_TARGET = 10.1;
				MTL_ENABLE_DEBUG_INFO = YES;
				ONLY_ACTIVE_ARCH = YES;
				SDKROOT = iphoneos;
			};
			name = Debug;
		};
		3FBB25061E680F4700362C5C /* Release */ = {
			isa = XCBuildConfiguration;
			buildSettings = {
				ALWAYS_SEARCH_USER_PATHS = NO;
				CLANG_ANALYZER_NONNULL = YES;
				CLANG_CXX_LANGUAGE_STANDARD = "gnu++0x";
				CLANG_CXX_LIBRARY = "libc++";
				CLANG_ENABLE_MODULES = YES;
				CLANG_ENABLE_OBJC_ARC = YES;
				CLANG_WARN_BOOL_CONVERSION = YES;
				CLANG_WARN_CONSTANT_CONVERSION = YES;
				CLANG_WARN_DIRECT_OBJC_ISA_USAGE = YES_ERROR;
				CLANG_WARN_DOCUMENTATION_COMMENTS = YES;
				CLANG_WARN_EMPTY_BODY = YES;
				CLANG_WARN_ENUM_CONVERSION = YES;
				CLANG_WARN_INFINITE_RECURSION = YES;
				CLANG_WARN_INT_CONVERSION = YES;
				CLANG_WARN_OBJC_ROOT_CLASS = YES_ERROR;
				CLANG_WARN_SUSPICIOUS_MOVES = YES;
				CLANG_WARN_UNREACHABLE_CODE = YES;
				CLANG_WARN__DUPLICATE_METHOD_MATCH = YES;
				"CODE_SIGN_IDENTITY[sdk=iphoneos*]" = "iPhone Developer";
				COPY_PHASE_STRIP = NO;
				DEBUG_INFORMATION_FORMAT = "dwarf-with-dsym";
				ENABLE_NS_ASSERTIONS = NO;
				ENABLE_STRICT_OBJC_MSGSEND = YES;
				GCC_C_LANGUAGE_STANDARD = gnu99;
				GCC_NO_COMMON_BLOCKS = YES;
				GCC_WARN_64_TO_32_BIT_CONVERSION = YES;
				GCC_WARN_ABOUT_RETURN_TYPE = YES_ERROR;
				GCC_WARN_UNDECLARED_SELECTOR = YES;
				GCC_WARN_UNINITIALIZED_AUTOS = YES_AGGRESSIVE;
				GCC_WARN_UNUSED_FUNCTION = YES;
				GCC_WARN_UNUSED_VARIABLE = YES;
				IPHONEOS_DEPLOYMENT_TARGET = 10.1;
				MTL_ENABLE_DEBUG_INFO = NO;
				SDKROOT = iphoneos;
				VALIDATE_PRODUCT = YES;
			};
			name = Release;
		};
		3FBB25081E680F4700362C5C /* Debug */ = {
			isa = XCBuildConfiguration;
			buildSettings = {
				ASSETCATALOG_COMPILER_APPICON_NAME = AppIcon;
				DEVELOPMENT_TEAM = XX29L2823M;
				INFOPLIST_FILE = testLLL/Info.plist;
				LD_RUNPATH_SEARCH_PATHS = "$(inherited) @executable_path/Frameworks";
				PRODUCT_BUNDLE_IDENTIFIER = com.channelsoft.testLLL;
				PRODUCT_NAME = "$(TARGET_NAME)";
			};
			name = Debug;
		};
		3FBB25091E680F4700362C5C /* Release */ = {
			isa = XCBuildConfiguration;
			buildSettings = {
				ASSETCATALOG_COMPILER_APPICON_NAME = AppIcon;
				DEVELOPMENT_TEAM = XX29L2823M;
				INFOPLIST_FILE = testLLL/Info.plist;
				LD_RUNPATH_SEARCH_PATHS = "$(inherited) @executable_path/Frameworks";
				PRODUCT_BUNDLE_IDENTIFIER = com.channelsoft.testLLL;
				PRODUCT_NAME = "$(TARGET_NAME)";
			};
			name = Release;
		};
/* End XCBuildConfiguration section */

/* Begin XCConfigurationList section */
		3FBB24EB1E680F4700362C5C /* Build configuration list for PBXProject "testLLL" */ = {
			isa = XCConfigurationList;
			buildConfigurations = (
				3FBB25051E680F4700362C5C /* Debug */,
				3FBB25061E680F4700362C5C /* Release */,
			);
			defaultConfigurationIsVisible = 0;
			defaultConfigurationName = Release;
		};
		3FBB25071E680F4700362C5C /* Build configuration list for PBXNativeTarget "testLLL" */ = {
			isa = XCConfigurationList;
			buildConfigurations = (
				3FBB25081E680F4700362C5C /* Debug */,
				3FBB25091E680F4700362C5C /* Release */,
			);
			defaultConfigurationIsVisible = 0;
			defaultConfigurationName = Release;
		};
/* End XCConfigurationList section */
	};
	rootObject = 3FBB24E81E680F4700362C5C /* Project object */;
}
